schema: '2.0'
stages:
  data_ingestion:
    cmd: python src/data/data_ingestion.py
    deps:
    - path: kc_house_data.csv
      hash: md5
      md5: b1e7bdf4f3e61792c0979a5697dc7145
      size: 2515206
    - path: params.yaml
      hash: md5
      md5: 910e47016719e3027af4718d427a1600
      size: 53
    - path: src/data/data_ingestion.py
      hash: md5
      md5: 09c4fc7a54b23eedd66b0a27bb0b233a
      size: 3525
    outs:
    - path: data/processed/X_test.csv
      hash: md5
      md5: e59825d9a74fc8fa88d1ac6bedbbd584
      size: 335760
    - path: data/processed/X_train.csv
      hash: md5
      md5: 2cef545b5c10f063d1aec08dea579ca4
      size: 1340906
    - path: data/processed/y_test.csv
      hash: md5
      md5: 20b80792d5f3d262e3001795303ee445
      size: 43559
    - path: data/processed/y_train.csv
      hash: md5
      md5: 27eeb9d5b5fdac0561ac2992e6aeb495
      size: 174052
